// !$*UTF8*$!
{
	archiveVersion = 1;
	classes = {
	};
	objectVersion = 46;
	objects = {

/* Begin PBXBuildFile section */
		1F3CA7E91EDB8556008EC963 /* AppDelegate.swift in Sources */ = {isa = PBXBuildFile; fileRef = 1F3CA7E81EDB8556008EC963 /* AppDelegate.swift */; };
		1F3CA7EE1EDB8556008EC963 /* Main.storyboard in Resources */ = {isa = PBXBuildFile; fileRef = 1F3CA7EC1EDB8556008EC963 /* Main.storyboard */; };
		1F3CA7F01EDB8556008EC963 /* Assets.xcassets in Resources */ = {isa = PBXBuildFile; fileRef = 1F3CA7EF1EDB8556008EC963 /* Assets.xcassets */; };
		1F3CA7F31EDB8556008EC963 /* LaunchScreen.storyboard in Resources */ = {isa = PBXBuildFile; fileRef = 1F3CA7F11EDB8556008EC963 /* LaunchScreen.storyboard */; };
		1F3CA7FE1EDB8556008EC963 /* phyterTests.swift in Sources */ = {isa = PBXBuildFile; fileRef = 1F3CA7FD1EDB8556008EC963 /* phyterTests.swift */; };
		1F3CA8091EDB8557008EC963 /* phyterUITests.swift in Sources */ = {isa = PBXBuildFile; fileRef = 1F3CA8081EDB8557008EC963 /* phyterUITests.swift */; };
		1F76020F1EDCBCD1009834FF /* RealmSwift.framework in Frameworks */ = {isa = PBXBuildFile; fileRef = 1F7602091EDCBCD1009834FF /* RealmSwift.framework */; };
		1F7602101EDCBCD1009834FF /* Realm.framework in Frameworks */ = {isa = PBXBuildFile; fileRef = 1F76020A1EDCBCD1009834FF /* Realm.framework */; };
		1F7602121EDCBCD1009834FF /* RxSwift.framework in Frameworks */ = {isa = PBXBuildFile; fileRef = 1F76020C1EDCBCD1009834FF /* RxSwift.framework */; };
		1F7602131EDCBCD1009834FF /* RxCocoa.framework in Frameworks */ = {isa = PBXBuildFile; fileRef = 1F76020D1EDCBCD1009834FF /* RxCocoa.framework */; };
		1F7602141EDCBCD1009834FF /* RxBlocking.framework in Frameworks */ = {isa = PBXBuildFile; fileRef = 1F76020E1EDCBCD1009834FF /* RxBlocking.framework */; };
		28006143A4618BAD5C229092 /* LocationController.swift in Sources */ = {isa = PBXBuildFile; fileRef = 2800668D3FD216765835E0B1 /* LocationController.swift */; };
		28006238A4B6014D6330E447 /* LocationUpdates.swift in Sources */ = {isa = PBXBuildFile; fileRef = 28006520A58B29785923A1B7 /* LocationUpdates.swift */; };
		28006279E5D5131E6D02F541 /* RequestLocationAccess.swift in Sources */ = {isa = PBXBuildFile; fileRef = 28006D546CA9E5E123A3E376 /* RequestLocationAccess.swift */; };
		280062F7AE401FB29297373C /* CBWrapper.swift in Sources */ = {isa = PBXBuildFile; fileRef = 2800603FC392F316BF82E2AD /* CBWrapper.swift */; };
		280064724E0DD9E7153A0BED /* FileExporterUseCases.swift in Sources */ = {isa = PBXBuildFile; fileRef = 28006BF258524BF67EC1CD13 /* FileExporterUseCases.swift */; };
		280064F7E195F1E3D114AC71 /* RequestLocationAccess.swift in Sources */ = {isa = PBXBuildFile; fileRef = 28006D546CA9E5E123A3E376 /* RequestLocationAccess.swift */; };
		2800665F110FEDACE05ECA1E /* LocationUseCases.swift in Sources */ = {isa = PBXBuildFile; fileRef = 28006297495EEFCD73A893FB /* LocationUseCases.swift */; };
		280066EC9FB1E7E9DBE53AAB /* Location.swift in Sources */ = {isa = PBXBuildFile; fileRef = 28006A4AB77479B5B222D676 /* Location.swift */; };
		2800681E4356DA0FE4D80506 /* CLLocationController.swift in Sources */ = {isa = PBXBuildFile; fileRef = 280068A179F48B9BA616F711 /* CLLocationController.swift */; };
		280068480F64D6009AEB8001 /* FileExporter.swift in Sources */ = {isa = PBXBuildFile; fileRef = 280068319CBE51E9A181EC38 /* FileExporter.swift */; };
		2800689072262DB3635F7CDC /* RealmLocation.swift in Sources */ = {isa = PBXBuildFile; fileRef = 280062F4BFC40DC7E678D600 /* RealmLocation.swift */; };
		28006945F7E9ED1A6D9A6004 /* Location.swift in Sources */ = {isa = PBXBuildFile; fileRef = 28006A4AB77479B5B222D676 /* Location.swift */; };
		2800695E960315485DB49E26 /* CLLocationController.swift in Sources */ = {isa = PBXBuildFile; fileRef = 280068A179F48B9BA616F711 /* CLLocationController.swift */; };
		28006BA6369BB17DBA122DD0 /* LocationUpdates.swift in Sources */ = {isa = PBXBuildFile; fileRef = 28006520A58B29785923A1B7 /* LocationUpdates.swift */; };
		28006C73EF9AA5A0D15F2240 /* LocationController.swift in Sources */ = {isa = PBXBuildFile; fileRef = 2800668D3FD216765835E0B1 /* LocationController.swift */; };
		28006D4C8F9A21B984A60939 /* LocationUseCases.swift in Sources */ = {isa = PBXBuildFile; fileRef = 28006297495EEFCD73A893FB /* LocationUseCases.swift */; };
		28006D85E7F3BC996C22B13A /* DocumentsFileExporter.swift in Sources */ = {isa = PBXBuildFile; fileRef = 28006B07857E892C108C5462 /* DocumentsFileExporter.swift */; };
		31B73010F31011CE81E4E149 /* MeasurementsForInstrument.swift in Sources */ = {isa = PBXBuildFile; fileRef = 31B73F03B6657996578E537D /* MeasurementsForInstrument.swift */; };
		31B73012703440A5C6A473BA /* CBInstrumentManager.swift in Sources */ = {isa = PBXBuildFile; fileRef = 31B731118E73A8E56607E976 /* CBInstrumentManager.swift */; };
		31B7302B711098E3948C9DCA /* CBInstrumentManager.swift in Sources */ = {isa = PBXBuildFile; fileRef = 31B731118E73A8E56607E976 /* CBInstrumentManager.swift */; };
		31B7303F85E3B7ADC6E19422 /* StartView.swift in Sources */ = {isa = PBXBuildFile; fileRef = 31B73ADE73A647149BEF792E /* StartView.swift */; };
		31B73143E9895FBE6845522B /* Cartfile in Resources */ = {isa = PBXBuildFile; fileRef = 31B7325A7349906EAF1EB27A /* Cartfile */; };
		31B731AEAFBA2451C17ED56D /* DisconnectInstrument.swift in Sources */ = {isa = PBXBuildFile; fileRef = 31B7382C69659F0A827EF99E /* DisconnectInstrument.swift */; };
		31B731BE9A091D6F32FD0EC1 /* PhyterProtocol.swift in Sources */ = {isa = PBXBuildFile; fileRef = 31B73FB34D6581F4372973A3 /* PhyterProtocol.swift */; };
		31B7327FC497E7E94D21568B /* ObserveSalinity.swift in Sources */ = {isa = PBXBuildFile; fileRef = 31B7340113F0D0CAAB40AFAD /* ObserveSalinity.swift */; };
		31B7328502114A7CD6A75003 /* MeasurePresenter.swift in Sources */ = {isa = PBXBuildFile; fileRef = 31B731045FBD6A799625395C /* MeasurePresenter.swift */; };
		31B73290E6F1DC738D041CFC /* RealmObjectHelper.swift in Sources */ = {isa = PBXBuildFile; fileRef = 31B737CD29204109E5C9D329 /* RealmObjectHelper.swift */; };
		31B73323ABB7C682A4206AB7 /* MeasurementRepositoryUseCases.swift in Sources */ = {isa = PBXBuildFile; fileRef = 31B73926E91E8E01B40E8484 /* MeasurementRepositoryUseCases.swift */; };
		31B7334EDD5C7B8841EB9798 /* MeasureViewController.swift in Sources */ = {isa = PBXBuildFile; fileRef = 31B7335B7DCE9A39AD03A48D /* MeasureViewController.swift */; };
		31B7335ADCD5E454D170983A /* CreateMeasurement.swift in Sources */ = {isa = PBXBuildFile; fileRef = 31B7369A133023D04439E00C /* CreateMeasurement.swift */; };
		31B7336B1BE647323726FDDD /* MeasurementRepository.swift in Sources */ = {isa = PBXBuildFile; fileRef = 31B73E9CBDFDB6D874A7C646 /* MeasurementRepository.swift */; };
		31B734442D6AD5F07436CB72 /* UseCase.swift in Sources */ = {isa = PBXBuildFile; fileRef = 31B73D75C9D0092FCE6105C5 /* UseCase.swift */; };
		31B7344F59A6292A95E78DA6 /* MeasurementRepository.swift in Sources */ = {isa = PBXBuildFile; fileRef = 31B73E9CBDFDB6D874A7C646 /* MeasurementRepository.swift */; };
		31B73472F2612E2B9C3D3C3E /* ScanForInstruments.swift in Sources */ = {isa = PBXBuildFile; fileRef = 31B73ECB26EA30D2661A51AC /* ScanForInstruments.swift */; };
		31B734959320B0E574E81278 /* NearbyInstrumentCell.swift in Sources */ = {isa = PBXBuildFile; fileRef = 31B73D81A8B433DC32385709 /* NearbyInstrumentCell.swift */; };
		31B734A0F7C22F16E2EFF868 /* SetSalinity.swift in Sources */ = {isa = PBXBuildFile; fileRef = 31B73AA562C4F474E548322F /* SetSalinity.swift */; };
		31B734BBB6A2067AC4B7C2E1 /* PhyterInstrument.swift in Sources */ = {isa = PBXBuildFile; fileRef = 31B732D0F063B7E60D85AAFE /* PhyterInstrument.swift */; };
		31B734F2B7D129C4F37EEDD0 /* ConnectInstrument.swift in Sources */ = {isa = PBXBuildFile; fileRef = 31B73D781F2AFD37CDBFE169 /* ConnectInstrument.swift */; };
		31B735141AC0D02728073BEE /* CreateMeasurement.swift in Sources */ = {isa = PBXBuildFile; fileRef = 31B7369A133023D04439E00C /* CreateMeasurement.swift */; };
		31B735149A5B4BB425EE32EA /* Measure.swift in Sources */ = {isa = PBXBuildFile; fileRef = 31B733714D52834D5B4D8E69 /* Measure.swift */; };
		31B73518C3ED35940798ABAB /* DisconnectInstrument.swift in Sources */ = {isa = PBXBuildFile; fileRef = 31B7382C69659F0A827EF99E /* DisconnectInstrument.swift */; };
		31B73541E58303C9FBEDCA0E /* SetSalinity.swift in Sources */ = {isa = PBXBuildFile; fileRef = 31B73AA562C4F474E548322F /* SetSalinity.swift */; };
		31B7356D95FD9BDB05B99963 /* SampleMeasurementCell.swift in Sources */ = {isa = PBXBuildFile; fileRef = 31B733AE136EB8A1FD4D14A8 /* SampleMeasurementCell.swift */; };
		31B735BB26527B0C697C5FA4 /* DeleteMeasurement.swift in Sources */ = {isa = PBXBuildFile; fileRef = 31B7360B24A2F4A418D1C587 /* DeleteMeasurement.swift */; };
		31B7361E63E5D96EF675C597 /* SetSalinity.swift in Sources */ = {isa = PBXBuildFile; fileRef = 31B73AA562C4F474E548322F /* SetSalinity.swift */; };
		31B73620478636331D354F59 /* MeasurementRepositoryUseCases.swift in Sources */ = {isa = PBXBuildFile; fileRef = 31B73926E91E8E01B40E8484 /* MeasurementRepositoryUseCases.swift */; };
		31B73656EA9D2A913BCF2B03 /* StartPresenter.swift in Sources */ = {isa = PBXBuildFile; fileRef = 31B73FD54C35355771C33A60 /* StartPresenter.swift */; };
		31B736B6F0D30F18D9C05FC7 /* InstrumentManager.swift in Sources */ = {isa = PBXBuildFile; fileRef = 31B731CBA1B34988FB54E7D1 /* InstrumentManager.swift */; };
		31B736BC1E195CBC5079442E /* NearbyInstrumentCell.swift in Sources */ = {isa = PBXBuildFile; fileRef = 31B73D81A8B433DC32385709 /* NearbyInstrumentCell.swift */; };
		31B736C87FBF9865DCA2CB96 /* SampleMeasurement.swift in Sources */ = {isa = PBXBuildFile; fileRef = 31B73C06A800395EB977A286 /* SampleMeasurement.swift */; };
		31B73728B6EC6BAFCA4A5CDD /* Background.swift in Sources */ = {isa = PBXBuildFile; fileRef = 31B738E2368F1FF8F908CEF7 /* Background.swift */; };
		31B737C9DDCB7CC97422B63E /* CreateMeasurement.swift in Sources */ = {isa = PBXBuildFile; fileRef = 31B7369A133023D04439E00C /* CreateMeasurement.swift */; };
		31B737E4970BE297D5BC77E5 /* UUIDS.swift in Sources */ = {isa = PBXBuildFile; fileRef = 31B734F1150FDEFF8237100A /* UUIDS.swift */; };
		31B73852A1AA6B26C335EB23 /* Background.swift in Sources */ = {isa = PBXBuildFile; fileRef = 31B738E2368F1FF8F908CEF7 /* Background.swift */; };
		31B738B62F4060CA02B3CA58 /* SampleMeasurement.swift in Sources */ = {isa = PBXBuildFile; fileRef = 31B73C06A800395EB977A286 /* SampleMeasurement.swift */; };
		31B738B84FC7469E8D54D46A /* MeasureView.swift in Sources */ = {isa = PBXBuildFile; fileRef = 31B73BB1DA6EEA488A6DA5B4 /* MeasureView.swift */; };
		31B738B990A3DFA3C332B592 /* InstrumentUseCases.swift in Sources */ = {isa = PBXBuildFile; fileRef = 31B7366FC3F4B5318C8765E7 /* InstrumentUseCases.swift */; };
		31B738BB24F63CE046C0F635 /* MeasureView.swift in Sources */ = {isa = PBXBuildFile; fileRef = 31B73BB1DA6EEA488A6DA5B4 /* MeasureView.swift */; };
		31B738D56C67E3D2D8603D84 /* UUIDS.swift in Sources */ = {isa = PBXBuildFile; fileRef = 31B734F1150FDEFF8237100A /* UUIDS.swift */; };
		31B73915752B12303C2B9C79 /* Measure.swift in Sources */ = {isa = PBXBuildFile; fileRef = 31B733714D52834D5B4D8E69 /* Measure.swift */; };
		31B7391E2769B3B68256C84F /* InstrumentManager.swift in Sources */ = {isa = PBXBuildFile; fileRef = 31B731CBA1B34988FB54E7D1 /* InstrumentManager.swift */; };
		31B7392E6C1F3EF5C97701F5 /* DeleteMeasurement.swift in Sources */ = {isa = PBXBuildFile; fileRef = 31B7360B24A2F4A418D1C587 /* DeleteMeasurement.swift */; };
		31B7396E01AA5909CC489AF9 /* ConnectInstrument.swift in Sources */ = {isa = PBXBuildFile; fileRef = 31B73D781F2AFD37CDBFE169 /* ConnectInstrument.swift */; };
		31B73980C238768C9F7293B2 /* MeasurementsForInstrument.swift in Sources */ = {isa = PBXBuildFile; fileRef = 31B73F03B6657996578E537D /* MeasurementsForInstrument.swift */; };
		31B739F07E69CD7A616A2185 /* InstrumentUseCases.swift in Sources */ = {isa = PBXBuildFile; fileRef = 31B7366FC3F4B5318C8765E7 /* InstrumentUseCases.swift */; };
		31B739FE50A9F4988D75291B /* Measure.swift in Sources */ = {isa = PBXBuildFile; fileRef = 31B733714D52834D5B4D8E69 /* Measure.swift */; };
		31B73A152F0863C8D64FC453 /* Background.swift in Sources */ = {isa = PBXBuildFile; fileRef = 31B738E2368F1FF8F908CEF7 /* Background.swift */; };
		31B73A55FEA4F8EC0CA9FDF4 /* MeasurePresenter.swift in Sources */ = {isa = PBXBuildFile; fileRef = 31B731045FBD6A799625395C /* MeasurePresenter.swift */; };
		31B73AF0C3A6E358625236AA /* MeasurementRepository.swift in Sources */ = {isa = PBXBuildFile; fileRef = 31B73E9CBDFDB6D874A7C646 /* MeasurementRepository.swift */; };
		31B73B8F2F9D3CFF53E25E89 /* StartViewController.swift in Sources */ = {isa = PBXBuildFile; fileRef = 31B73C98C56A0E35D5381E5C /* StartViewController.swift */; };
		31B73CF9A540E8D34CC286C2 /* StartPresenter.swift in Sources */ = {isa = PBXBuildFile; fileRef = 31B73FD54C35355771C33A60 /* StartPresenter.swift */; };
		31B73D2D93BFDD32FB3654F9 /* ObserveSalinity.swift in Sources */ = {isa = PBXBuildFile; fileRef = 31B7340113F0D0CAAB40AFAD /* ObserveSalinity.swift */; };
		31B73D7D22C0D93C2C4F655B /* PhyterInstrument.swift in Sources */ = {isa = PBXBuildFile; fileRef = 31B732D0F063B7E60D85AAFE /* PhyterInstrument.swift */; };
		31B73D907E4231D896FE2C9F /* UseCase.swift in Sources */ = {isa = PBXBuildFile; fileRef = 31B73D75C9D0092FCE6105C5 /* UseCase.swift */; };
		31B73DF9FE3A91A64813A1C1 /* CBPhyterInstrument.swift in Sources */ = {isa = PBXBuildFile; fileRef = 31B736263AFACB0B28721AFB /* CBPhyterInstrument.swift */; };
		31B73E05FA3BA5968F225C79 /* InstrumentUseCases.swift in Sources */ = {isa = PBXBuildFile; fileRef = 31B7366FC3F4B5318C8765E7 /* InstrumentUseCases.swift */; };
		31B73E88BA2CC607980D6DC2 /* UUIDS.swift in Sources */ = {isa = PBXBuildFile; fileRef = 31B734F1150FDEFF8237100A /* UUIDS.swift */; };
		31B73EA79B30A6011E5C65A1 /* RealmMeasurementRepository.swift in Sources */ = {isa = PBXBuildFile; fileRef = 31B73CE8FE90F9158C4D7642 /* RealmMeasurementRepository.swift */; };
		31B73EA79EAB743D3041A1B0 /* RealmSampleMeasurement.swift in Sources */ = {isa = PBXBuildFile; fileRef = 31B73487DF5CAA50A0095B0B /* RealmSampleMeasurement.swift */; };
		31B73EAAE9D3C54E9905233F /* Cartfile in Resources */ = {isa = PBXBuildFile; fileRef = 31B7325A7349906EAF1EB27A /* Cartfile */; };
		31B73EC44E711F7DBA48A973 /* Cartfile in Resources */ = {isa = PBXBuildFile; fileRef = 31B7325A7349906EAF1EB27A /* Cartfile */; };
		31B73ED43412D77B41A619A7 /* ScanForInstruments.swift in Sources */ = {isa = PBXBuildFile; fileRef = 31B73ECB26EA30D2661A51AC /* ScanForInstruments.swift */; };
		31B73EE725E87FE25EAD7392 /* CBPhyterInstrument.swift in Sources */ = {isa = PBXBuildFile; fileRef = 31B736263AFACB0B28721AFB /* CBPhyterInstrument.swift */; };
		31B73F2D351107F9D430F34A /* StartView.swift in Sources */ = {isa = PBXBuildFile; fileRef = 31B73ADE73A647149BEF792E /* StartView.swift */; };
		31B73F9DF5745C64EFCA288F /* RealmHelper.swift in Sources */ = {isa = PBXBuildFile; fileRef = 31B73F25411F75BB332CEF81 /* RealmHelper.swift */; };
		31B73FA151CF67B15ACFFC88 /* PhyterProtocol.swift in Sources */ = {isa = PBXBuildFile; fileRef = 31B73FB34D6581F4372973A3 /* PhyterProtocol.swift */; };
		31B73FA9A707F283DCAF47E4 /* ObserveSalinity.swift in Sources */ = {isa = PBXBuildFile; fileRef = 31B7340113F0D0CAAB40AFAD /* ObserveSalinity.swift */; };
		31B73FDC49F9829E19BE0485 /* MeasurementRepositoryUseCases.swift in Sources */ = {isa = PBXBuildFile; fileRef = 31B73926E91E8E01B40E8484 /* MeasurementRepositoryUseCases.swift */; };
		31B73FEA662006F8A22BF614 /* PhyterProtocol.swift in Sources */ = {isa = PBXBuildFile; fileRef = 31B73FB34D6581F4372973A3 /* PhyterProtocol.swift */; };
		31B73FEE47AF68F64FD5744A /* MeasurementsForInstrument.swift in Sources */ = {isa = PBXBuildFile; fileRef = 31B73F03B6657996578E537D /* MeasurementsForInstrument.swift */; };
		E2421B301F254396007AF7AE /* Colors.swift in Sources */ = {isa = PBXBuildFile; fileRef = E2421B2F1F254396007AF7AE /* Colors.swift */; };
		E289EAA41F24178500C61EE3 /* Crashlytics.framework in Frameworks */ = {isa = PBXBuildFile; fileRef = E289EAA21F24178500C61EE3 /* Crashlytics.framework */; };
		E289EAA51F24178500C61EE3 /* Fabric.framework in Frameworks */ = {isa = PBXBuildFile; fileRef = E289EAA31F24178500C61EE3 /* Fabric.framework */; };
/* End PBXBuildFile section */

/* Begin PBXContainerItemProxy section */
		1F3CA7FA1EDB8556008EC963 /* PBXContainerItemProxy */ = {
			isa = PBXContainerItemProxy;
			containerPortal = 1F3CA7DD1EDB8556008EC963 /* Project object */;
			proxyType = 1;
			remoteGlobalIDString = 1F3CA7E41EDB8556008EC963;
			remoteInfo = phyter;
		};
		1F3CA8051EDB8557008EC963 /* PBXContainerItemProxy */ = {
			isa = PBXContainerItemProxy;
			containerPortal = 1F3CA7DD1EDB8556008EC963 /* Project object */;
			proxyType = 1;
			remoteGlobalIDString = 1F3CA7E41EDB8556008EC963;
			remoteInfo = phyter;
		};
/* End PBXContainerItemProxy section */

/* Begin PBXFileReference section */
		1F3CA7E51EDB8556008EC963 /* phyter.app */ = {isa = PBXFileReference; explicitFileType = wrapper.application; includeInIndex = 0; path = phyter.app; sourceTree = BUILT_PRODUCTS_DIR; };
		1F3CA7E81EDB8556008EC963 /* AppDelegate.swift */ = {isa = PBXFileReference; lastKnownFileType = sourcecode.swift; path = AppDelegate.swift; sourceTree = "<group>"; };
		1F3CA7ED1EDB8556008EC963 /* Base */ = {isa = PBXFileReference; lastKnownFileType = file.storyboard; name = Base; path = Base.lproj/Main.storyboard; sourceTree = "<group>"; };
		1F3CA7EF1EDB8556008EC963 /* Assets.xcassets */ = {isa = PBXFileReference; lastKnownFileType = folder.assetcatalog; path = Assets.xcassets; sourceTree = "<group>"; };
		1F3CA7F21EDB8556008EC963 /* Base */ = {isa = PBXFileReference; lastKnownFileType = file.storyboard; name = Base; path = Base.lproj/LaunchScreen.storyboard; sourceTree = "<group>"; };
		1F3CA7F41EDB8556008EC963 /* Info.plist */ = {isa = PBXFileReference; lastKnownFileType = text.plist.xml; path = Info.plist; sourceTree = "<group>"; };
		1F3CA7F91EDB8556008EC963 /* phyterTests.xctest */ = {isa = PBXFileReference; explicitFileType = wrapper.cfbundle; includeInIndex = 0; path = phyterTests.xctest; sourceTree = BUILT_PRODUCTS_DIR; };
		1F3CA7FD1EDB8556008EC963 /* phyterTests.swift */ = {isa = PBXFileReference; lastKnownFileType = sourcecode.swift; path = phyterTests.swift; sourceTree = "<group>"; };
		1F3CA7FF1EDB8556008EC963 /* Info.plist */ = {isa = PBXFileReference; lastKnownFileType = text.plist.xml; path = Info.plist; sourceTree = "<group>"; };
		1F3CA8041EDB8557008EC963 /* phyterUITests.xctest */ = {isa = PBXFileReference; explicitFileType = wrapper.cfbundle; includeInIndex = 0; path = phyterUITests.xctest; sourceTree = BUILT_PRODUCTS_DIR; };
		1F3CA8081EDB8557008EC963 /* phyterUITests.swift */ = {isa = PBXFileReference; lastKnownFileType = sourcecode.swift; path = phyterUITests.swift; sourceTree = "<group>"; };
		1F3CA80A1EDB8557008EC963 /* Info.plist */ = {isa = PBXFileReference; lastKnownFileType = text.plist.xml; path = Info.plist; sourceTree = "<group>"; };
		1F7602091EDCBCD1009834FF /* RealmSwift.framework */ = {isa = PBXFileReference; lastKnownFileType = wrapper.framework; name = RealmSwift.framework; path = Carthage/Build/iOS/RealmSwift.framework; sourceTree = "<group>"; };
		1F76020A1EDCBCD1009834FF /* Realm.framework */ = {isa = PBXFileReference; lastKnownFileType = wrapper.framework; name = Realm.framework; path = Carthage/Build/iOS/Realm.framework; sourceTree = "<group>"; };
		1F76020B1EDCBCD1009834FF /* RxTest.framework */ = {isa = PBXFileReference; lastKnownFileType = wrapper.framework; name = RxTest.framework; path = Carthage/Build/iOS/RxTest.framework; sourceTree = "<group>"; };
		1F76020C1EDCBCD1009834FF /* RxSwift.framework */ = {isa = PBXFileReference; lastKnownFileType = wrapper.framework; name = RxSwift.framework; path = Carthage/Build/iOS/RxSwift.framework; sourceTree = "<group>"; };
		1F76020D1EDCBCD1009834FF /* RxCocoa.framework */ = {isa = PBXFileReference; lastKnownFileType = wrapper.framework; name = RxCocoa.framework; path = Carthage/Build/iOS/RxCocoa.framework; sourceTree = "<group>"; };
		1F76020E1EDCBCD1009834FF /* RxBlocking.framework */ = {isa = PBXFileReference; lastKnownFileType = wrapper.framework; name = RxBlocking.framework; path = Carthage/Build/iOS/RxBlocking.framework; sourceTree = "<group>"; };
		2800603FC392F316BF82E2AD /* CBWrapper.swift */ = {isa = PBXFileReference; fileEncoding = 4; lastKnownFileType = sourcecode.swift; path = CBWrapper.swift; sourceTree = "<group>"; };
		28006297495EEFCD73A893FB /* LocationUseCases.swift */ = {isa = PBXFileReference; fileEncoding = 4; lastKnownFileType = sourcecode.swift; path = LocationUseCases.swift; sourceTree = "<group>"; };
		280062F4BFC40DC7E678D600 /* RealmLocation.swift */ = {isa = PBXFileReference; fileEncoding = 4; lastKnownFileType = sourcecode.swift; path = RealmLocation.swift; sourceTree = "<group>"; };
		28006520A58B29785923A1B7 /* LocationUpdates.swift */ = {isa = PBXFileReference; fileEncoding = 4; lastKnownFileType = sourcecode.swift; path = LocationUpdates.swift; sourceTree = "<group>"; };
		2800668D3FD216765835E0B1 /* LocationController.swift */ = {isa = PBXFileReference; fileEncoding = 4; lastKnownFileType = sourcecode.swift; path = LocationController.swift; sourceTree = "<group>"; };
		280068319CBE51E9A181EC38 /* FileExporter.swift */ = {isa = PBXFileReference; fileEncoding = 4; lastKnownFileType = sourcecode.swift; path = FileExporter.swift; sourceTree = "<group>"; };
		280068A179F48B9BA616F711 /* CLLocationController.swift */ = {isa = PBXFileReference; fileEncoding = 4; lastKnownFileType = sourcecode.swift; path = CLLocationController.swift; sourceTree = "<group>"; };
		28006A4AB77479B5B222D676 /* Location.swift */ = {isa = PBXFileReference; fileEncoding = 4; lastKnownFileType = sourcecode.swift; path = Location.swift; sourceTree = "<group>"; };
		28006B07857E892C108C5462 /* DocumentsFileExporter.swift */ = {isa = PBXFileReference; fileEncoding = 4; lastKnownFileType = sourcecode.swift; path = DocumentsFileExporter.swift; sourceTree = "<group>"; };
		28006BF258524BF67EC1CD13 /* FileExporterUseCases.swift */ = {isa = PBXFileReference; fileEncoding = 4; lastKnownFileType = sourcecode.swift; path = FileExporterUseCases.swift; sourceTree = "<group>"; };
		28006D546CA9E5E123A3E376 /* RequestLocationAccess.swift */ = {isa = PBXFileReference; fileEncoding = 4; lastKnownFileType = sourcecode.swift; path = RequestLocationAccess.swift; sourceTree = "<group>"; };
		31B731045FBD6A799625395C /* MeasurePresenter.swift */ = {isa = PBXFileReference; fileEncoding = 4; lastKnownFileType = sourcecode.swift; path = MeasurePresenter.swift; sourceTree = "<group>"; };
		31B731118E73A8E56607E976 /* CBInstrumentManager.swift */ = {isa = PBXFileReference; fileEncoding = 4; lastKnownFileType = sourcecode.swift; path = CBInstrumentManager.swift; sourceTree = "<group>"; };
		31B731CBA1B34988FB54E7D1 /* InstrumentManager.swift */ = {isa = PBXFileReference; fileEncoding = 4; lastKnownFileType = sourcecode.swift; path = InstrumentManager.swift; sourceTree = "<group>"; };
		31B7325A7349906EAF1EB27A /* Cartfile */ = {isa = PBXFileReference; fileEncoding = 1; lastKnownFileType = text; path = Cartfile; sourceTree = "<group>"; };
		31B732D0F063B7E60D85AAFE /* PhyterInstrument.swift */ = {isa = PBXFileReference; fileEncoding = 4; lastKnownFileType = sourcecode.swift; path = PhyterInstrument.swift; sourceTree = "<group>"; };
		31B7335B7DCE9A39AD03A48D /* MeasureViewController.swift */ = {isa = PBXFileReference; fileEncoding = 4; lastKnownFileType = sourcecode.swift; path = MeasureViewController.swift; sourceTree = "<group>"; };
		31B733714D52834D5B4D8E69 /* Measure.swift */ = {isa = PBXFileReference; fileEncoding = 4; lastKnownFileType = sourcecode.swift; path = Measure.swift; sourceTree = "<group>"; };
		31B733AE136EB8A1FD4D14A8 /* SampleMeasurementCell.swift */ = {isa = PBXFileReference; fileEncoding = 4; lastKnownFileType = sourcecode.swift; path = SampleMeasurementCell.swift; sourceTree = "<group>"; };
		31B7340113F0D0CAAB40AFAD /* ObserveSalinity.swift */ = {isa = PBXFileReference; fileEncoding = 4; lastKnownFileType = sourcecode.swift; path = ObserveSalinity.swift; sourceTree = "<group>"; };
		31B73487DF5CAA50A0095B0B /* RealmSampleMeasurement.swift */ = {isa = PBXFileReference; fileEncoding = 4; lastKnownFileType = sourcecode.swift; path = RealmSampleMeasurement.swift; sourceTree = "<group>"; };
		31B734F1150FDEFF8237100A /* UUIDS.swift */ = {isa = PBXFileReference; fileEncoding = 4; lastKnownFileType = sourcecode.swift; path = UUIDS.swift; sourceTree = "<group>"; };
		31B7360B24A2F4A418D1C587 /* DeleteMeasurement.swift */ = {isa = PBXFileReference; fileEncoding = 4; lastKnownFileType = sourcecode.swift; path = DeleteMeasurement.swift; sourceTree = "<group>"; };
		31B736263AFACB0B28721AFB /* CBPhyterInstrument.swift */ = {isa = PBXFileReference; fileEncoding = 4; lastKnownFileType = sourcecode.swift; path = CBPhyterInstrument.swift; sourceTree = "<group>"; };
		31B7366FC3F4B5318C8765E7 /* InstrumentUseCases.swift */ = {isa = PBXFileReference; fileEncoding = 4; lastKnownFileType = sourcecode.swift; path = InstrumentUseCases.swift; sourceTree = "<group>"; };
		31B7369A133023D04439E00C /* CreateMeasurement.swift */ = {isa = PBXFileReference; fileEncoding = 4; lastKnownFileType = sourcecode.swift; path = CreateMeasurement.swift; sourceTree = "<group>"; };
		31B737CD29204109E5C9D329 /* RealmObjectHelper.swift */ = {isa = PBXFileReference; fileEncoding = 4; lastKnownFileType = sourcecode.swift; path = RealmObjectHelper.swift; sourceTree = "<group>"; };
		31B7382C69659F0A827EF99E /* DisconnectInstrument.swift */ = {isa = PBXFileReference; fileEncoding = 4; lastKnownFileType = sourcecode.swift; path = DisconnectInstrument.swift; sourceTree = "<group>"; };
		31B738E2368F1FF8F908CEF7 /* Background.swift */ = {isa = PBXFileReference; fileEncoding = 4; lastKnownFileType = sourcecode.swift; path = Background.swift; sourceTree = "<group>"; };
		31B73926E91E8E01B40E8484 /* MeasurementRepositoryUseCases.swift */ = {isa = PBXFileReference; fileEncoding = 4; lastKnownFileType = sourcecode.swift; path = MeasurementRepositoryUseCases.swift; sourceTree = "<group>"; };
		31B73AA562C4F474E548322F /* SetSalinity.swift */ = {isa = PBXFileReference; fileEncoding = 4; lastKnownFileType = sourcecode.swift; path = SetSalinity.swift; sourceTree = "<group>"; };
		31B73ADE73A647149BEF792E /* StartView.swift */ = {isa = PBXFileReference; fileEncoding = 4; lastKnownFileType = sourcecode.swift; path = StartView.swift; sourceTree = "<group>"; };
		31B73BB1DA6EEA488A6DA5B4 /* MeasureView.swift */ = {isa = PBXFileReference; fileEncoding = 4; lastKnownFileType = sourcecode.swift; path = MeasureView.swift; sourceTree = "<group>"; };
		31B73C06A800395EB977A286 /* SampleMeasurement.swift */ = {isa = PBXFileReference; fileEncoding = 4; lastKnownFileType = sourcecode.swift; path = SampleMeasurement.swift; sourceTree = "<group>"; };
		31B73C98C56A0E35D5381E5C /* StartViewController.swift */ = {isa = PBXFileReference; fileEncoding = 4; lastKnownFileType = sourcecode.swift; path = StartViewController.swift; sourceTree = "<group>"; };
		31B73CE8FE90F9158C4D7642 /* RealmMeasurementRepository.swift */ = {isa = PBXFileReference; fileEncoding = 4; lastKnownFileType = sourcecode.swift; path = RealmMeasurementRepository.swift; sourceTree = "<group>"; };
		31B73D75C9D0092FCE6105C5 /* UseCase.swift */ = {isa = PBXFileReference; fileEncoding = 4; lastKnownFileType = sourcecode.swift; path = UseCase.swift; sourceTree = "<group>"; };
		31B73D781F2AFD37CDBFE169 /* ConnectInstrument.swift */ = {isa = PBXFileReference; fileEncoding = 4; lastKnownFileType = sourcecode.swift; path = ConnectInstrument.swift; sourceTree = "<group>"; };
		31B73D81A8B433DC32385709 /* NearbyInstrumentCell.swift */ = {isa = PBXFileReference; fileEncoding = 4; lastKnownFileType = sourcecode.swift; path = NearbyInstrumentCell.swift; sourceTree = "<group>"; };
		31B73E9CBDFDB6D874A7C646 /* MeasurementRepository.swift */ = {isa = PBXFileReference; fileEncoding = 4; lastKnownFileType = sourcecode.swift; path = MeasurementRepository.swift; sourceTree = "<group>"; };
		31B73ECB26EA30D2661A51AC /* ScanForInstruments.swift */ = {isa = PBXFileReference; fileEncoding = 4; lastKnownFileType = sourcecode.swift; path = ScanForInstruments.swift; sourceTree = "<group>"; };
		31B73F03B6657996578E537D /* MeasurementsForInstrument.swift */ = {isa = PBXFileReference; fileEncoding = 4; lastKnownFileType = sourcecode.swift; path = MeasurementsForInstrument.swift; sourceTree = "<group>"; };
		31B73F25411F75BB332CEF81 /* RealmHelper.swift */ = {isa = PBXFileReference; fileEncoding = 4; lastKnownFileType = sourcecode.swift; path = RealmHelper.swift; sourceTree = "<group>"; };
		31B73FB34D6581F4372973A3 /* PhyterProtocol.swift */ = {isa = PBXFileReference; fileEncoding = 4; lastKnownFileType = sourcecode.swift; path = PhyterProtocol.swift; sourceTree = "<group>"; };
		31B73FD54C35355771C33A60 /* StartPresenter.swift */ = {isa = PBXFileReference; fileEncoding = 4; lastKnownFileType = sourcecode.swift; path = StartPresenter.swift; sourceTree = "<group>"; };
		E2421B2F1F254396007AF7AE /* Colors.swift */ = {isa = PBXFileReference; fileEncoding = 4; lastKnownFileType = sourcecode.swift; path = Colors.swift; sourceTree = "<group>"; };
		E289EAA21F24178500C61EE3 /* Crashlytics.framework */ = {isa = PBXFileReference; lastKnownFileType = wrapper.framework; path = Crashlytics.framework; sourceTree = "<group>"; };
		E289EAA31F24178500C61EE3 /* Fabric.framework */ = {isa = PBXFileReference; lastKnownFileType = wrapper.framework; path = Fabric.framework; sourceTree = "<group>"; };
/* End PBXFileReference section */

/* Begin PBXFrameworksBuildPhase section */
		1F3CA7E21EDB8556008EC963 /* Frameworks */ = {
			isa = PBXFrameworksBuildPhase;
			buildActionMask = 2147483647;
			files = (
				E289EAA51F24178500C61EE3 /* Fabric.framework in Frameworks */,
				1F76020F1EDCBCD1009834FF /* RealmSwift.framework in Frameworks */,
				1F7602101EDCBCD1009834FF /* Realm.framework in Frameworks */,
				1F7602121EDCBCD1009834FF /* RxSwift.framework in Frameworks */,
				1F7602131EDCBCD1009834FF /* RxCocoa.framework in Frameworks */,
				E289EAA41F24178500C61EE3 /* Crashlytics.framework in Frameworks */,
				1F7602141EDCBCD1009834FF /* RxBlocking.framework in Frameworks */,
			);
			runOnlyForDeploymentPostprocessing = 0;
		};
		1F3CA7F61EDB8556008EC963 /* Frameworks */ = {
			isa = PBXFrameworksBuildPhase;
			buildActionMask = 2147483647;
			files = (
			);
			runOnlyForDeploymentPostprocessing = 0;
		};
		1F3CA8011EDB8557008EC963 /* Frameworks */ = {
			isa = PBXFrameworksBuildPhase;
			buildActionMask = 2147483647;
			files = (
			);
			runOnlyForDeploymentPostprocessing = 0;
		};
/* End PBXFrameworksBuildPhase section */

/* Begin PBXGroup section */
		1F3CA7DC1EDB8556008EC963 = {
			isa = PBXGroup;
			children = (
				E289EAA21F24178500C61EE3 /* Crashlytics.framework */,
				E289EAA31F24178500C61EE3 /* Fabric.framework */,
				1F3CA7E71EDB8556008EC963 /* phyter */,
				1F3CA7FC1EDB8556008EC963 /* phyterTests */,
				1F3CA8071EDB8557008EC963 /* phyterUITests */,
				1F3CA7E61EDB8556008EC963 /* Products */,
				31B7325A7349906EAF1EB27A /* Cartfile */,
				1F7602081EDCBCCF009834FF /* Frameworks */,
			);
			sourceTree = "<group>";
		};
		1F3CA7E61EDB8556008EC963 /* Products */ = {
			isa = PBXGroup;
			children = (
				1F3CA7E51EDB8556008EC963 /* phyter.app */,
				1F3CA7F91EDB8556008EC963 /* phyterTests.xctest */,
				1F3CA8041EDB8557008EC963 /* phyterUITests.xctest */,
			);
			name = Products;
			sourceTree = "<group>";
		};
		1F3CA7E71EDB8556008EC963 /* phyter */ = {
			isa = PBXGroup;
			children = (
				1F3CA7E81EDB8556008EC963 /* AppDelegate.swift */,
				1F3CA7EC1EDB8556008EC963 /* Main.storyboard */,
				1F3CA7EF1EDB8556008EC963 /* Assets.xcassets */,
				1F3CA7F11EDB8556008EC963 /* LaunchScreen.storyboard */,
				1F3CA7F41EDB8556008EC963 /* Info.plist */,
				31B73C98F4E5689A427C54F3 /* scenes */,
				31B73A159416E4A601AF6F5D /* domain */,
				31B7374AACDE2B8477CEC039 /* bluetooth */,
				31B732F3057B5E7A1BA0F82B /* realm */,
				28006DD4956BDF9E3F8A849E /* export */,
				28006127390B8B07AF6B65FE /* location */,
			);
			path = phyter;
			sourceTree = "<group>";
		};
		1F3CA7FC1EDB8556008EC963 /* phyterTests */ = {
			isa = PBXGroup;
			children = (
				1F3CA7FD1EDB8556008EC963 /* phyterTests.swift */,
				1F3CA7FF1EDB8556008EC963 /* Info.plist */,
			);
			path = phyterTests;
			sourceTree = "<group>";
		};
		1F3CA8071EDB8557008EC963 /* phyterUITests */ = {
			isa = PBXGroup;
			children = (
				1F3CA8081EDB8557008EC963 /* phyterUITests.swift */,
				1F3CA80A1EDB8557008EC963 /* Info.plist */,
			);
			path = phyterUITests;
			sourceTree = "<group>";
		};
		1F7602081EDCBCCF009834FF /* Frameworks */ = {
			isa = PBXGroup;
			children = (
				1F7602091EDCBCD1009834FF /* RealmSwift.framework */,
				1F76020A1EDCBCD1009834FF /* Realm.framework */,
				1F76020B1EDCBCD1009834FF /* RxTest.framework */,
				1F76020C1EDCBCD1009834FF /* RxSwift.framework */,
				1F76020D1EDCBCD1009834FF /* RxCocoa.framework */,
				1F76020E1EDCBCD1009834FF /* RxBlocking.framework */,
			);
			name = Frameworks;
			sourceTree = "<group>";
		};
		280060928A5EEB96E614A58B /* location */ = {
			isa = PBXGroup;
			children = (
				280062F4BFC40DC7E678D600 /* RealmLocation.swift */,
			);
			path = location;
			sourceTree = "<group>";
		};
		28006127390B8B07AF6B65FE /* location */ = {
			isa = PBXGroup;
			children = (
				280068A179F48B9BA616F711 /* CLLocationController.swift */,
			);
			path = location;
			sourceTree = "<group>";
		};
		28006345F3FC16EA1F9EB287 /* usecase */ = {
			isa = PBXGroup;
			children = (
				28006BF258524BF67EC1CD13 /* FileExporterUseCases.swift */,
			);
			path = usecase;
			sourceTree = "<group>";
		};
		28006639166906319C80C0FA /* export */ = {
			isa = PBXGroup;
			children = (
				280068319CBE51E9A181EC38 /* FileExporter.swift */,
				28006345F3FC16EA1F9EB287 /* usecase */,
			);
			path = export;
			sourceTree = "<group>";
		};
		28006C40F78A1DCD3ED8801F /* model */ = {
			isa = PBXGroup;
			children = (
				28006A4AB77479B5B222D676 /* Location.swift */,
			);
			path = model;
			sourceTree = "<group>";
		};
		28006C64B68D33B7F1C40E0F /* location */ = {
			isa = PBXGroup;
			children = (
				28006C40F78A1DCD3ED8801F /* model */,
				28006E7D08DF07E46A70BC7B /* usecase */,
				2800668D3FD216765835E0B1 /* LocationController.swift */,
			);
			path = location;
			sourceTree = "<group>";
		};
		28006DD4956BDF9E3F8A849E /* export */ = {
			isa = PBXGroup;
			children = (
				28006B07857E892C108C5462 /* DocumentsFileExporter.swift */,
			);
			path = export;
			sourceTree = "<group>";
		};
		28006E7D08DF07E46A70BC7B /* usecase */ = {
			isa = PBXGroup;
			children = (
				28006520A58B29785923A1B7 /* LocationUpdates.swift */,
				28006297495EEFCD73A893FB /* LocationUseCases.swift */,
				28006D546CA9E5E123A3E376 /* RequestLocationAccess.swift */,
			);
			path = usecase;
			sourceTree = "<group>";
		};
		31B730BB2310E47729292B20 /* usecase */ = {
			isa = PBXGroup;
			children = (
				31B73ECB26EA30D2661A51AC /* ScanForInstruments.swift */,
				31B73D781F2AFD37CDBFE169 /* ConnectInstrument.swift */,
				31B7366FC3F4B5318C8765E7 /* InstrumentUseCases.swift */,
				31B73AA562C4F474E548322F /* SetSalinity.swift */,
				31B7340113F0D0CAAB40AFAD /* ObserveSalinity.swift */,
				31B738E2368F1FF8F908CEF7 /* Background.swift */,
				31B733714D52834D5B4D8E69 /* Measure.swift */,
				31B7382C69659F0A827EF99E /* DisconnectInstrument.swift */,
			);
			path = usecase;
			sourceTree = "<group>";
		};
		31B73149143222E543B8C0BE /* start */ = {
			isa = PBXGroup;
			children = (
				31B73C98C56A0E35D5381E5C /* StartViewController.swift */,
				31B73F8A563E3C885316D974 /* table */,
				31B73FD54C35355771C33A60 /* StartPresenter.swift */,
				31B7390C160F2809A5083949 /* view */,
			);
			path = start;
			sourceTree = "<group>";
		};
		31B732F3057B5E7A1BA0F82B /* realm */ = {
			isa = PBXGroup;
			children = (
				31B737CD29204109E5C9D329 /* RealmObjectHelper.swift */,
				31B73F25411F75BB332CEF81 /* RealmHelper.swift */,
				31B73A235135BC51C7EB13FF /* measurements */,
				280060928A5EEB96E614A58B /* location */,
			);
			path = realm;
			sourceTree = "<group>";
		};
		31B733E67FA61D941A9C5109 /* usecase */ = {
			isa = PBXGroup;
			children = (
				31B73926E91E8E01B40E8484 /* MeasurementRepositoryUseCases.swift */,
				31B7369A133023D04439E00C /* CreateMeasurement.swift */,
				31B73F03B6657996578E537D /* MeasurementsForInstrument.swift */,
				31B7360B24A2F4A418D1C587 /* DeleteMeasurement.swift */,
			);
			path = usecase;
			sourceTree = "<group>";
		};
		31B7358D92764C64B46B1563 /* measure */ = {
			isa = PBXGroup;
			children = (
				31B7335B7DCE9A39AD03A48D /* MeasureViewController.swift */,
				31B731045FBD6A799625395C /* MeasurePresenter.swift */,
				31B7398EB2B310B471AF05F5 /* view */,
				31B7378A4833A87BEEFEEA20 /* history */,
			);
			path = measure;
			sourceTree = "<group>";
		};
		31B7374AACDE2B8477CEC039 /* bluetooth */ = {
			isa = PBXGroup;
			children = (
				31B731118E73A8E56607E976 /* CBInstrumentManager.swift */,
				31B736263AFACB0B28721AFB /* CBPhyterInstrument.swift */,
				31B734F1150FDEFF8237100A /* UUIDS.swift */,
				2800603FC392F316BF82E2AD /* CBWrapper.swift */,
			);
			path = bluetooth;
			sourceTree = "<group>";
		};
		31B7378A4833A87BEEFEEA20 /* history */ = {
			isa = PBXGroup;
			children = (
				31B733AE136EB8A1FD4D14A8 /* SampleMeasurementCell.swift */,
			);
			path = history;
			sourceTree = "<group>";
		};
		31B738A9F8B54C6877471D61 /* store */ = {
			isa = PBXGroup;
			children = (
				31B73E9CBDFDB6D874A7C646 /* MeasurementRepository.swift */,
			);
			path = store;
			sourceTree = "<group>";
		};
		31B7390C160F2809A5083949 /* view */ = {
			isa = PBXGroup;
			children = (
				31B73ADE73A647149BEF792E /* StartView.swift */,
			);
			path = view;
			sourceTree = "<group>";
		};
		31B7398EB2B310B471AF05F5 /* view */ = {
			isa = PBXGroup;
			children = (
				31B73BB1DA6EEA488A6DA5B4 /* MeasureView.swift */,
			);
			path = view;
			sourceTree = "<group>";
		};
		31B73A159416E4A601AF6F5D /* domain */ = {
			isa = PBXGroup;
			children = (
				31B73DA6CEFACB4071221192 /* instrument */,
				31B73A7D8A00C873FAC1F26B /* measurements */,
				31B73D75C9D0092FCE6105C5 /* UseCase.swift */,
				28006C64B68D33B7F1C40E0F /* location */,
			);
			path = domain;
			sourceTree = "<group>";
		};
		31B73A235135BC51C7EB13FF /* measurements */ = {
			isa = PBXGroup;
			children = (
				31B73487DF5CAA50A0095B0B /* RealmSampleMeasurement.swift */,
				31B73CE8FE90F9158C4D7642 /* RealmMeasurementRepository.swift */,
			);
			path = measurements;
			sourceTree = "<group>";
		};
		31B73A7D8A00C873FAC1F26B /* measurements */ = {
			isa = PBXGroup;
			children = (
				31B73D8FA7B7B47FB8599609 /* model */,
				31B738A9F8B54C6877471D61 /* store */,
				31B733E67FA61D941A9C5109 /* usecase */,
				28006639166906319C80C0FA /* export */,
			);
			path = measurements;
			sourceTree = "<group>";
		};
		31B73C98F4E5689A427C54F3 /* scenes */ = {
			isa = PBXGroup;
			children = (
				31B73149143222E543B8C0BE /* start */,
				31B7358D92764C64B46B1563 /* measure */,
				E2421B2F1F254396007AF7AE /* Colors.swift */,
			);
			path = scenes;
			sourceTree = "<group>";
		};
		31B73D8FA7B7B47FB8599609 /* model */ = {
			isa = PBXGroup;
			children = (
				31B73C06A800395EB977A286 /* SampleMeasurement.swift */,
			);
			path = model;
			sourceTree = "<group>";
		};
		31B73DA6CEFACB4071221192 /* instrument */ = {
			isa = PBXGroup;
			children = (
				31B73F5360EA8246FEF5723C /* model */,
				31B731CBA1B34988FB54E7D1 /* InstrumentManager.swift */,
				31B730BB2310E47729292B20 /* usecase */,
			);
			path = instrument;
			sourceTree = "<group>";
		};
		31B73F5360EA8246FEF5723C /* model */ = {
			isa = PBXGroup;
			children = (
				31B732D0F063B7E60D85AAFE /* PhyterInstrument.swift */,
				31B73FB34D6581F4372973A3 /* PhyterProtocol.swift */,
			);
			path = model;
			sourceTree = "<group>";
		};
		31B73F8A563E3C885316D974 /* table */ = {
			isa = PBXGroup;
			children = (
				31B73D81A8B433DC32385709 /* NearbyInstrumentCell.swift */,
			);
			path = table;
			sourceTree = "<group>";
		};
/* End PBXGroup section */

/* Begin PBXNativeTarget section */
		1F3CA7E41EDB8556008EC963 /* phyter */ = {
			isa = PBXNativeTarget;
			buildConfigurationList = 1F3CA80D1EDB8557008EC963 /* Build configuration list for PBXNativeTarget "phyter" */;
			buildPhases = (
				1F3CA7E11EDB8556008EC963 /* Sources */,
				1F3CA7E21EDB8556008EC963 /* Frameworks */,
				1F3CA7E31EDB8556008EC963 /* Resources */,
				1F7602151EDCBCE2009834FF /* ShellScript */,
				E21A644A1F0C39EB00B50B5D /* ShellScript */,
			);
			buildRules = (
			);
			dependencies = (
			);
			name = phyter;
			productName = phyter;
			productReference = 1F3CA7E51EDB8556008EC963 /* phyter.app */;
			productType = "com.apple.product-type.application";
		};
		1F3CA7F81EDB8556008EC963 /* phyterTests */ = {
			isa = PBXNativeTarget;
			buildConfigurationList = 1F3CA8101EDB8557008EC963 /* Build configuration list for PBXNativeTarget "phyterTests" */;
			buildPhases = (
				1F3CA7F51EDB8556008EC963 /* Sources */,
				1F3CA7F61EDB8556008EC963 /* Frameworks */,
				1F3CA7F71EDB8556008EC963 /* Resources */,
			);
			buildRules = (
			);
			dependencies = (
				1F3CA7FB1EDB8556008EC963 /* PBXTargetDependency */,
			);
			name = phyterTests;
			productName = phyterTests;
			productReference = 1F3CA7F91EDB8556008EC963 /* phyterTests.xctest */;
			productType = "com.apple.product-type.bundle.unit-test";
		};
		1F3CA8031EDB8557008EC963 /* phyterUITests */ = {
			isa = PBXNativeTarget;
			buildConfigurationList = 1F3CA8131EDB8557008EC963 /* Build configuration list for PBXNativeTarget "phyterUITests" */;
			buildPhases = (
				1F3CA8001EDB8557008EC963 /* Sources */,
				1F3CA8011EDB8557008EC963 /* Frameworks */,
				1F3CA8021EDB8557008EC963 /* Resources */,
			);
			buildRules = (
			);
			dependencies = (
				1F3CA8061EDB8557008EC963 /* PBXTargetDependency */,
			);
			name = phyterUITests;
			productName = phyterUITests;
			productReference = 1F3CA8041EDB8557008EC963 /* phyterUITests.xctest */;
			productType = "com.apple.product-type.bundle.ui-testing";
		};
/* End PBXNativeTarget section */

/* Begin PBXProject section */
		1F3CA7DD1EDB8556008EC963 /* Project object */ = {
			isa = PBXProject;
			attributes = {
				LastSwiftUpdateCheck = 0830;
				LastUpgradeCheck = 0830;
				ORGANIZATIONNAME = "Jefferson Jones";
				TargetAttributes = {
					1F3CA7E41EDB8556008EC963 = {
						CreatedOnToolsVersion = 8.3.2;
						DevelopmentTeam = UK32R9MN3S;
						ProvisioningStyle = Automatic;
					};
					1F3CA7F81EDB8556008EC963 = {
						CreatedOnToolsVersion = 8.3.2;
						DevelopmentTeam = 37R6FCG424;
						ProvisioningStyle = Automatic;
						TestTargetID = 1F3CA7E41EDB8556008EC963;
					};
					1F3CA8031EDB8557008EC963 = {
						CreatedOnToolsVersion = 8.3.2;
						DevelopmentTeam = 37R6FCG424;
						ProvisioningStyle = Automatic;
						TestTargetID = 1F3CA7E41EDB8556008EC963;
					};
				};
			};
			buildConfigurationList = 1F3CA7E01EDB8556008EC963 /* Build configuration list for PBXProject "phyter" */;
			compatibilityVersion = "Xcode 3.2";
			developmentRegion = English;
			hasScannedForEncodings = 0;
			knownRegions = (
				en,
				Base,
			);
			mainGroup = 1F3CA7DC1EDB8556008EC963;
			productRefGroup = 1F3CA7E61EDB8556008EC963 /* Products */;
			projectDirPath = "";
			projectRoot = "";
			targets = (
				1F3CA7E41EDB8556008EC963 /* phyter */,
				1F3CA7F81EDB8556008EC963 /* phyterTests */,
				1F3CA8031EDB8557008EC963 /* phyterUITests */,
			);
		};
/* End PBXProject section */

/* Begin PBXResourcesBuildPhase section */
		1F3CA7E31EDB8556008EC963 /* Resources */ = {
			isa = PBXResourcesBuildPhase;
			buildActionMask = 2147483647;
			files = (
				1F3CA7F31EDB8556008EC963 /* LaunchScreen.storyboard in Resources */,
				1F3CA7F01EDB8556008EC963 /* Assets.xcassets in Resources */,
				1F3CA7EE1EDB8556008EC963 /* Main.storyboard in Resources */,
				31B73143E9895FBE6845522B /* Cartfile in Resources */,
			);
			runOnlyForDeploymentPostprocessing = 0;
		};
		1F3CA7F71EDB8556008EC963 /* Resources */ = {
			isa = PBXResourcesBuildPhase;
			buildActionMask = 2147483647;
			files = (
				31B73EAAE9D3C54E9905233F /* Cartfile in Resources */,
			);
			runOnlyForDeploymentPostprocessing = 0;
		};
		1F3CA8021EDB8557008EC963 /* Resources */ = {
			isa = PBXResourcesBuildPhase;
			buildActionMask = 2147483647;
			files = (
				31B73EC44E711F7DBA48A973 /* Cartfile in Resources */,
			);
			runOnlyForDeploymentPostprocessing = 0;
		};
/* End PBXResourcesBuildPhase section */

/* Begin PBXShellScriptBuildPhase section */
		1F7602151EDCBCE2009834FF /* ShellScript */ = {
			isa = PBXShellScriptBuildPhase;
			buildActionMask = 2147483647;
			files = (
			);
			inputPaths = (
				"$(PROJECT_DIR)/Carthage/Build/iOS/Realm.framework",
				"$(PROJECT_DIR)/Carthage/Build/iOS/RealmSwift.framework",
				"$(PROJECT_DIR)/Carthage/Build/iOS/RxSwift.framework",
				"$(PROJECT_DIR)/Carthage/Build/iOS/RxCocoa.framework",
				"$(PROJECT_DIR)/Carthage/Build/iOS/RxBlocking.framework",
			);
			outputPaths = (
			);
			runOnlyForDeploymentPostprocessing = 0;
			shellPath = /bin/sh;
			shellScript = "/usr/local/bin/carthage copy-frameworks\n";
		};
		E21A644A1F0C39EB00B50B5D /* ShellScript */ = {
			isa = PBXShellScriptBuildPhase;
			buildActionMask = 2147483647;
			files = (
			);
			inputPaths = (
			);
			outputPaths = (
			);
			runOnlyForDeploymentPostprocessing = 0;
			shellPath = /bin/sh;
			shellScript = "\"${PROJECT_DIR}/Fabric.framework/run\" a289cbad0cbc4895658b3b005e316b59f11e3fa4 ca345913c519331cd37425ba63acda3eedc23773abda42dabd394083eaa07a7a";
		};
/* End PBXShellScriptBuildPhase section */

/* Begin PBXSourcesBuildPhase section */
		1F3CA7E11EDB8556008EC963 /* Sources */ = {
			isa = PBXSourcesBuildPhase;
			buildActionMask = 2147483647;
			files = (
				1F3CA7E91EDB8556008EC963 /* AppDelegate.swift in Sources */,
				31B736C87FBF9865DCA2CB96 /* SampleMeasurement.swift in Sources */,
				31B73B8F2F9D3CFF53E25E89 /* StartViewController.swift in Sources */,
				31B736BC1E195CBC5079442E /* NearbyInstrumentCell.swift in Sources */,
				31B73D7D22C0D93C2C4F655B /* PhyterInstrument.swift in Sources */,
				31B7391E2769B3B68256C84F /* InstrumentManager.swift in Sources */,
				31B7302B711098E3948C9DCA /* CBInstrumentManager.swift in Sources */,
				31B73DF9FE3A91A64813A1C1 /* CBPhyterInstrument.swift in Sources */,
				31B734442D6AD5F07436CB72 /* UseCase.swift in Sources */,
				31B73472F2612E2B9C3D3C3E /* ScanForInstruments.swift in Sources */,
				31B73656EA9D2A913BCF2B03 /* StartPresenter.swift in Sources */,
				31B7303F85E3B7ADC6E19422 /* StartView.swift in Sources */,
				31B7396E01AA5909CC489AF9 /* ConnectInstrument.swift in Sources */,
				E2421B301F254396007AF7AE /* Colors.swift in Sources */,
				31B7334EDD5C7B8841EB9798 /* MeasureViewController.swift in Sources */,
				31B7328502114A7CD6A75003 /* MeasurePresenter.swift in Sources */,
				31B738BB24F63CE046C0F635 /* MeasureView.swift in Sources */,
				31B739F07E69CD7A616A2185 /* InstrumentUseCases.swift in Sources */,
				31B7361E63E5D96EF675C597 /* SetSalinity.swift in Sources */,
				31B737E4970BE297D5BC77E5 /* UUIDS.swift in Sources */,
				31B731BE9A091D6F32FD0EC1 /* PhyterProtocol.swift in Sources */,
				31B7327FC497E7E94D21568B /* ObserveSalinity.swift in Sources */,
				31B73A152F0863C8D64FC453 /* Background.swift in Sources */,
				31B73915752B12303C2B9C79 /* Measure.swift in Sources */,
				31B73AF0C3A6E358625236AA /* MeasurementRepository.swift in Sources */,
				31B73FDC49F9829E19BE0485 /* MeasurementRepositoryUseCases.swift in Sources */,
				31B735141AC0D02728073BEE /* CreateMeasurement.swift in Sources */,
				31B73010F31011CE81E4E149 /* MeasurementsForInstrument.swift in Sources */,
				31B73290E6F1DC738D041CFC /* RealmObjectHelper.swift in Sources */,
				31B73F9DF5745C64EFCA288F /* RealmHelper.swift in Sources */,
				31B73EA79EAB743D3041A1B0 /* RealmSampleMeasurement.swift in Sources */,
				31B73EA79B30A6011E5C65A1 /* RealmMeasurementRepository.swift in Sources */,
				31B7356D95FD9BDB05B99963 /* SampleMeasurementCell.swift in Sources */,
				31B731AEAFBA2451C17ED56D /* DisconnectInstrument.swift in Sources */,
				31B735BB26527B0C697C5FA4 /* DeleteMeasurement.swift in Sources */,
				280062F7AE401FB29297373C /* CBWrapper.swift in Sources */,
				280068480F64D6009AEB8001 /* FileExporter.swift in Sources */,
				28006D85E7F3BC996C22B13A /* DocumentsFileExporter.swift in Sources */,
				280064724E0DD9E7153A0BED /* FileExporterUseCases.swift in Sources */,
				28006945F7E9ED1A6D9A6004 /* Location.swift in Sources */,
				28006BA6369BB17DBA122DD0 /* LocationUpdates.swift in Sources */,
				28006D4C8F9A21B984A60939 /* LocationUseCases.swift in Sources */,
				28006279E5D5131E6D02F541 /* RequestLocationAccess.swift in Sources */,
				28006143A4618BAD5C229092 /* LocationController.swift in Sources */,
				2800695E960315485DB49E26 /* CLLocationController.swift in Sources */,
				2800689072262DB3635F7CDC /* RealmLocation.swift in Sources */,
			);
			runOnlyForDeploymentPostprocessing = 0;
		};
		1F3CA7F51EDB8556008EC963 /* Sources */ = {
			isa = PBXSourcesBuildPhase;
			buildActionMask = 2147483647;
			files = (
				1F3CA7FE1EDB8556008EC963 /* phyterTests.swift in Sources */,
				31B738B62F4060CA02B3CA58 /* SampleMeasurement.swift in Sources */,
				31B734959320B0E574E81278 /* NearbyInstrumentCell.swift in Sources */,
				31B734BBB6A2067AC4B7C2E1 /* PhyterInstrument.swift in Sources */,
				31B736B6F0D30F18D9C05FC7 /* InstrumentManager.swift in Sources */,
				31B73012703440A5C6A473BA /* CBInstrumentManager.swift in Sources */,
				31B73EE725E87FE25EAD7392 /* CBPhyterInstrument.swift in Sources */,
				31B73D907E4231D896FE2C9F /* UseCase.swift in Sources */,
				31B73ED43412D77B41A619A7 /* ScanForInstruments.swift in Sources */,
				31B73CF9A540E8D34CC286C2 /* StartPresenter.swift in Sources */,
				31B73F2D351107F9D430F34A /* StartView.swift in Sources */,
				31B734F2B7D129C4F37EEDD0 /* ConnectInstrument.swift in Sources */,
				31B73A55FEA4F8EC0CA9FDF4 /* MeasurePresenter.swift in Sources */,
				31B738B84FC7469E8D54D46A /* MeasureView.swift in Sources */,
				31B738B990A3DFA3C332B592 /* InstrumentUseCases.swift in Sources */,
				31B734A0F7C22F16E2EFF868 /* SetSalinity.swift in Sources */,
				31B73E88BA2CC607980D6DC2 /* UUIDS.swift in Sources */,
				31B73FEA662006F8A22BF614 /* PhyterProtocol.swift in Sources */,
				31B73D2D93BFDD32FB3654F9 /* ObserveSalinity.swift in Sources */,
				31B73728B6EC6BAFCA4A5CDD /* Background.swift in Sources */,
				31B735149A5B4BB425EE32EA /* Measure.swift in Sources */,
				31B7336B1BE647323726FDDD /* MeasurementRepository.swift in Sources */,
				31B73620478636331D354F59 /* MeasurementRepositoryUseCases.swift in Sources */,
				31B737C9DDCB7CC97422B63E /* CreateMeasurement.swift in Sources */,
				31B73980C238768C9F7293B2 /* MeasurementsForInstrument.swift in Sources */,
				31B73518C3ED35940798ABAB /* DisconnectInstrument.swift in Sources */,
				31B7392E6C1F3EF5C97701F5 /* DeleteMeasurement.swift in Sources */,
				280066EC9FB1E7E9DBE53AAB /* Location.swift in Sources */,
				28006238A4B6014D6330E447 /* LocationUpdates.swift in Sources */,
				2800665F110FEDACE05ECA1E /* LocationUseCases.swift in Sources */,
				280064F7E195F1E3D114AC71 /* RequestLocationAccess.swift in Sources */,
				28006C73EF9AA5A0D15F2240 /* LocationController.swift in Sources */,
				2800681E4356DA0FE4D80506 /* CLLocationController.swift in Sources */,
			);
			runOnlyForDeploymentPostprocessing = 0;
		};
		1F3CA8001EDB8557008EC963 /* Sources */ = {
			isa = PBXSourcesBuildPhase;
			buildActionMask = 2147483647;
			files = (
				1F3CA8091EDB8557008EC963 /* phyterUITests.swift in Sources */,
				31B73E05FA3BA5968F225C79 /* InstrumentUseCases.swift in Sources */,
				31B73541E58303C9FBEDCA0E /* SetSalinity.swift in Sources */,
				31B738D56C67E3D2D8603D84 /* UUIDS.swift in Sources */,
				31B73FA151CF67B15ACFFC88 /* PhyterProtocol.swift in Sources */,
				31B73FA9A707F283DCAF47E4 /* ObserveSalinity.swift in Sources */,
				31B73852A1AA6B26C335EB23 /* Background.swift in Sources */,
				31B739FE50A9F4988D75291B /* Measure.swift in Sources */,
				31B7344F59A6292A95E78DA6 /* MeasurementRepository.swift in Sources */,
				31B73323ABB7C682A4206AB7 /* MeasurementRepositoryUseCases.swift in Sources */,
				31B7335ADCD5E454D170983A /* CreateMeasurement.swift in Sources */,
				31B73FEE47AF68F64FD5744A /* MeasurementsForInstrument.swift in Sources */,
			);
			runOnlyForDeploymentPostprocessing = 0;
		};
/* End PBXSourcesBuildPhase section */

/* Begin PBXTargetDependency section */
		1F3CA7FB1EDB8556008EC963 /* PBXTargetDependency */ = {
			isa = PBXTargetDependency;
			target = 1F3CA7E41EDB8556008EC963 /* phyter */;
			targetProxy = 1F3CA7FA1EDB8556008EC963 /* PBXContainerItemProxy */;
		};
		1F3CA8061EDB8557008EC963 /* PBXTargetDependency */ = {
			isa = PBXTargetDependency;
			target = 1F3CA7E41EDB8556008EC963 /* phyter */;
			targetProxy = 1F3CA8051EDB8557008EC963 /* PBXContainerItemProxy */;
		};
/* End PBXTargetDependency section */

/* Begin PBXVariantGroup section */
		1F3CA7EC1EDB8556008EC963 /* Main.storyboard */ = {
			isa = PBXVariantGroup;
			children = (
				1F3CA7ED1EDB8556008EC963 /* Base */,
			);
			name = Main.storyboard;
			sourceTree = "<group>";
		};
		1F3CA7F11EDB8556008EC963 /* LaunchScreen.storyboard */ = {
			isa = PBXVariantGroup;
			children = (
				1F3CA7F21EDB8556008EC963 /* Base */,
			);
			name = LaunchScreen.storyboard;
			sourceTree = "<group>";
		};
/* End PBXVariantGroup section */

/* Begin XCBuildConfiguration section */
		1F3CA80B1EDB8557008EC963 /* Debug */ = {
			isa = XCBuildConfiguration;
			buildSettings = {
				ALWAYS_SEARCH_USER_PATHS = NO;
				CLANG_ANALYZER_NONNULL = YES;
				CLANG_ANALYZER_NUMBER_OBJECT_CONVERSION = YES_AGGRESSIVE;
				CLANG_CXX_LANGUAGE_STANDARD = "gnu++0x";
				CLANG_CXX_LIBRARY = "libc++";
				CLANG_ENABLE_MODULES = YES;
				CLANG_ENABLE_OBJC_ARC = YES;
				CLANG_WARN_BOOL_CONVERSION = YES;
				CLANG_WARN_CONSTANT_CONVERSION = YES;
				CLANG_WARN_DIRECT_OBJC_ISA_USAGE = YES_ERROR;
				CLANG_WARN_DOCUMENTATION_COMMENTS = YES;
				CLANG_WARN_EMPTY_BODY = YES;
				CLANG_WARN_ENUM_CONVERSION = YES;
				CLANG_WARN_INFINITE_RECURSION = YES;
				CLANG_WARN_INT_CONVERSION = YES;
				CLANG_WARN_OBJC_ROOT_CLASS = YES_ERROR;
				CLANG_WARN_SUSPICIOUS_MOVE = YES;
				CLANG_WARN_UNREACHABLE_CODE = YES;
				CLANG_WARN__DUPLICATE_METHOD_MATCH = YES;
				"CODE_SIGN_IDENTITY[sdk=iphoneos*]" = "iPhone Developer";
				COPY_PHASE_STRIP = NO;
				DEBUG_INFORMATION_FORMAT = dwarf;
				ENABLE_STRICT_OBJC_MSGSEND = YES;
				ENABLE_TESTABILITY = YES;
				GCC_C_LANGUAGE_STANDARD = gnu99;
				GCC_DYNAMIC_NO_PIC = NO;
				GCC_NO_COMMON_BLOCKS = YES;
				GCC_OPTIMIZATION_LEVEL = 0;
				GCC_PREPROCESSOR_DEFINITIONS = (
					"DEBUG=1",
					"$(inherited)",
				);
				GCC_WARN_64_TO_32_BIT_CONVERSION = YES;
				GCC_WARN_ABOUT_RETURN_TYPE = YES_ERROR;
				GCC_WARN_UNDECLARED_SELECTOR = YES;
				GCC_WARN_UNINITIALIZED_AUTOS = YES_AGGRESSIVE;
				GCC_WARN_UNUSED_FUNCTION = YES;
				GCC_WARN_UNUSED_VARIABLE = YES;
				IPHONEOS_DEPLOYMENT_TARGET = 10.3;
				MTL_ENABLE_DEBUG_INFO = YES;
				ONLY_ACTIVE_ARCH = YES;
				SDKROOT = iphoneos;
				SWIFT_ACTIVE_COMPILATION_CONDITIONS = DEBUG;
				SWIFT_OPTIMIZATION_LEVEL = "-Onone";
				TARGETED_DEVICE_FAMILY = "1,2";
			};
			name = Debug;
		};
		1F3CA80C1EDB8557008EC963 /* Release */ = {
			isa = XCBuildConfiguration;
			buildSettings = {
				ALWAYS_SEARCH_USER_PATHS = NO;
				CLANG_ANALYZER_NONNULL = YES;
				CLANG_ANALYZER_NUMBER_OBJECT_CONVERSION = YES_AGGRESSIVE;
				CLANG_CXX_LANGUAGE_STANDARD = "gnu++0x";
				CLANG_CXX_LIBRARY = "libc++";
				CLANG_ENABLE_MODULES = YES;
				CLANG_ENABLE_OBJC_ARC = YES;
				CLANG_WARN_BOOL_CONVERSION = YES;
				CLANG_WARN_CONSTANT_CONVERSION = YES;
				CLANG_WARN_DIRECT_OBJC_ISA_USAGE = YES_ERROR;
				CLANG_WARN_DOCUMENTATION_COMMENTS = YES;
				CLANG_WARN_EMPTY_BODY = YES;
				CLANG_WARN_ENUM_CONVERSION = YES;
				CLANG_WARN_INFINITE_RECURSION = YES;
				CLANG_WARN_INT_CONVERSION = YES;
				CLANG_WARN_OBJC_ROOT_CLASS = YES_ERROR;
				CLANG_WARN_SUSPICIOUS_MOVE = YES;
				CLANG_WARN_UNREACHABLE_CODE = YES;
				CLANG_WARN__DUPLICATE_METHOD_MATCH = YES;
				"CODE_SIGN_IDENTITY[sdk=iphoneos*]" = "iPhone Developer";
				COPY_PHASE_STRIP = NO;
				DEBUG_INFORMATION_FORMAT = "dwarf-with-dsym";
				ENABLE_NS_ASSERTIONS = NO;
				ENABLE_STRICT_OBJC_MSGSEND = YES;
				GCC_C_LANGUAGE_STANDARD = gnu99;
				GCC_NO_COMMON_BLOCKS = YES;
				GCC_WARN_64_TO_32_BIT_CONVERSION = YES;
				GCC_WARN_ABOUT_RETURN_TYPE = YES_ERROR;
				GCC_WARN_UNDECLARED_SELECTOR = YES;
				GCC_WARN_UNINITIALIZED_AUTOS = YES_AGGRESSIVE;
				GCC_WARN_UNUSED_FUNCTION = YES;
				GCC_WARN_UNUSED_VARIABLE = YES;
				IPHONEOS_DEPLOYMENT_TARGET = 10.3;
				MTL_ENABLE_DEBUG_INFO = NO;
				SDKROOT = iphoneos;
				SWIFT_OPTIMIZATION_LEVEL = "-Owholemodule";
				TARGETED_DEVICE_FAMILY = "1,2";
				VALIDATE_PRODUCT = YES;
			};
			name = Release;
		};
		1F3CA80E1EDB8557008EC963 /* Debug */ = {
			isa = XCBuildConfiguration;
			buildSettings = {
				ASSETCATALOG_COMPILER_APPICON_NAME = AppIcon;
				DEVELOPMENT_TEAM = UK32R9MN3S;
				FRAMEWORK_SEARCH_PATHS = (
					"$(inherited)",
					"$(PROJECT_DIR)/Carthage/Build/iOS",
					"$(PROJECT_DIR)",
				);
				INFOPLIST_FILE = phyter/Info.plist;
				IPHONEOS_DEPLOYMENT_TARGET = 10.0;
				LD_RUNPATH_SEARCH_PATHS = "$(inherited) @executable_path/Frameworks";
				PRODUCT_BUNDLE_IDENTIFIER = com.jmjproductdev.phyter;
				PRODUCT_NAME = "$(TARGET_NAME)";
				SWIFT_VERSION = 3.0;
				TARGETED_DEVICE_FAMILY = 1;
			};
			name = Debug;
		};
		1F3CA80F1EDB8557008EC963 /* Release */ = {
			isa = XCBuildConfiguration;
			buildSettings = {
				ASSETCATALOG_COMPILER_APPICON_NAME = AppIcon;
				DEVELOPMENT_TEAM = UK32R9MN3S;
				FRAMEWORK_SEARCH_PATHS = (
					"$(inherited)",
					"$(PROJECT_DIR)/Carthage/Build/iOS",
					"$(PROJECT_DIR)",
				);
				INFOPLIST_FILE = phyter/Info.plist;
				IPHONEOS_DEPLOYMENT_TARGET = 10.0;
				LD_RUNPATH_SEARCH_PATHS = "$(inherited) @executable_path/Frameworks";
				PRODUCT_BUNDLE_IDENTIFIER = com.jmjproductdev.phyter;
				PRODUCT_NAME = "$(TARGET_NAME)";
				SWIFT_VERSION = 3.0;
				TARGETED_DEVICE_FAMILY = 1;
			};
			name = Release;
		};
		1F3CA8111EDB8557008EC963 /* Debug */ = {
			isa = XCBuildConfiguration;
			buildSettings = {
				ALWAYS_EMBED_SWIFT_STANDARD_LIBRARIES = YES;
				BUNDLE_LOADER = "$(TEST_HOST)";
				DEVELOPMENT_TEAM = 37R6FCG424;
				INFOPLIST_FILE = phyterTests/Info.plist;
				LD_RUNPATH_SEARCH_PATHS = "$(inherited) @executable_path/Frameworks @loader_path/Frameworks";
				PRODUCT_BUNDLE_IDENTIFIER = com.jmj.phyterTests;
				PRODUCT_NAME = "$(TARGET_NAME)";
				SWIFT_VERSION = 3.0;
				TEST_HOST = "$(BUILT_PRODUCTS_DIR)/phyter.app/phyter";
			};
			name = Debug;
		};
		1F3CA8121EDB8557008EC963 /* Release */ = {
			isa = XCBuildConfiguration;
			buildSettings = {
				ALWAYS_EMBED_SWIFT_STANDARD_LIBRARIES = YES;
				BUNDLE_LOADER = "$(TEST_HOST)";
				DEVELOPMENT_TEAM = 37R6FCG424;
				INFOPLIST_FILE = phyterTests/Info.plist;
				LD_RUNPATH_SEARCH_PATHS = "$(inherited) @executable_path/Frameworks @loader_path/Frameworks";
				PRODUCT_BUNDLE_IDENTIFIER = com.jmj.phyterTests;
				PRODUCT_NAME = "$(TARGET_NAME)";
				SWIFT_VERSION = 3.0;
				TEST_HOST = "$(BUILT_PRODUCTS_DIR)/phyter.app/phyter";
			};
			name = Release;
		};
		1F3CA8141EDB8557008EC963 /* Debug */ = {
			isa = XCBuildConfiguration;
			buildSettings = {
				ALWAYS_EMBED_SWIFT_STANDARD_LIBRARIES = YES;
				DEVELOPMENT_TEAM = 37R6FCG424;
				INFOPLIST_FILE = phyterUITests/Info.plist;
				LD_RUNPATH_SEARCH_PATHS = "$(inherited) @executable_path/Frameworks @loader_path/Frameworks";
				PRODUCT_BUNDLE_IDENTIFIER = com.jmj.phyterUITests;
				PRODUCT_NAME = "$(TARGET_NAME)";
				SWIFT_VERSION = 3.0;
				TEST_TARGET_NAME = phyter;
			};
			name = Debug;
		};
		1F3CA8151EDB8557008EC963 /* Release */ = {
			isa = XCBuildConfiguration;
			buildSettings = {
				ALWAYS_EMBED_SWIFT_STANDARD_LIBRARIES = YES;
				DEVELOPMENT_TEAM = 37R6FCG424;
				INFOPLIST_FILE = phyterUITests/Info.plist;
				LD_RUNPATH_SEARCH_PATHS = "$(inherited) @executable_path/Frameworks @loader_path/Frameworks";
				PRODUCT_BUNDLE_IDENTIFIER = com.jmj.phyterUITests;
				PRODUCT_NAME = "$(TARGET_NAME)";
				SWIFT_VERSION = 3.0;
				TEST_TARGET_NAME = phyter;
			};
			name = Release;
		};
/* End XCBuildConfiguration section */

/* Begin XCConfigurationList section */
		1F3CA7E01EDB8556008EC963 /* Build configuration list for PBXProject "phyter" */ = {
			isa = XCConfigurationList;
			buildConfigurations = (
				1F3CA80B1EDB8557008EC963 /* Debug */,
				1F3CA80C1EDB8557008EC963 /* Release */,
			);
			defaultConfigurationIsVisible = 0;
			defaultConfigurationName = Release;
		};
		1F3CA80D1EDB8557008EC963 /* Build configuration list for PBXNativeTarget "phyter" */ = {
			isa = XCConfigurationList;
			buildConfigurations = (
				1F3CA80E1EDB8557008EC963 /* Debug */,
				1F3CA80F1EDB8557008EC963 /* Release */,
			);
			defaultConfigurationIsVisible = 0;
			defaultConfigurationName = Release;
		};
		1F3CA8101EDB8557008EC963 /* Build configuration list for PBXNativeTarget "phyterTests" */ = {
			isa = XCConfigurationList;
			buildConfigurations = (
				1F3CA8111EDB8557008EC963 /* Debug */,
				1F3CA8121EDB8557008EC963 /* Release */,
			);
			defaultConfigurationIsVisible = 0;
			defaultConfigurationName = Release;
		};
		1F3CA8131EDB8557008EC963 /* Build configuration list for PBXNativeTarget "phyterUITests" */ = {
			isa = XCConfigurationList;
			buildConfigurations = (
				1F3CA8141EDB8557008EC963 /* Debug */,
				1F3CA8151EDB8557008EC963 /* Release */,
			);
			defaultConfigurationIsVisible = 0;
			defaultConfigurationName = Release;
		};
/* End XCConfigurationList section */
	};
	rootObject = 1F3CA7DD1EDB8556008EC963 /* Project object */;
}
